
Microsoft Visual Studio Solution File, Format Version 12.00
# Visual Studio Version 17
VisualStudioVersion = 17.2.32526.322
MinimumVisualStudioVersion = 10.0.40219.1
Project("{FAE04EC0-301F-11D3-BF4B-00C04F79EFBC}") = "FSParts.API", "FSParts.API\FSParts.API.csproj", "{F5B61CA6-2DE8-416C-B1AA-865C4865C292}"
EndProject
Global
	GlobalSection(SolutionConfigurationPlatforms) = preSolution
		Debug|Any CPU = Debug|Any CPU
		Release|Any CPU = Release|Any CPU
	EndGlobalSection
	GlobalSection(ProjectConfigurationPlatforms) = postSolution
		{F5B61CA6-2DE8-416C-B1AA-865C4865C292}.Debug|Any CPU.ActiveCfg = Debug|Any CPU
		{F5B61CA6-2DE8-416C-B1AA-865C4865C292}.Debug|Any CPU.Build.0 = Debug|Any CPU
		{F5B61CA6-2DE8-416C-B1AA-865C4865C292}.Release|Any CPU.ActiveCfg = Release|Any CPU
		{F5B61CA6-2DE8-416C-B1AA-865C4865C292}.Release|Any CPU.Build.0 = Release|Any CPU
	EndGlobalSection
	GlobalSection(SolutionProperties) = preSolution
		HideSolutionNode = FALSE
	EndGlobalSection
	GlobalSection(ExtensibilityGlobals) = postSolution
		SolutionGuid = {028C123E-18B7-46FF-9CAB-0005FDD2F12B}
	EndGlobalSection
EndGlobal
